
Microsoft Visual Studio Solution File, Format Version 12.00
# Visual Studio Version 16
VisualStudioVersion = 16.0.30114.105
MinimumVisualStudioVersion = 10.0.40219.1
Project("{FAE04EC0-301F-11D3-BF4B-00C04F79EFBC}") = "Engine", "Engine\Engine.csproj", "{268A4355-AAA9-40C2-8DC0-AF754BED0731}"
EndProject
Project("{FAE04EC0-301F-11D3-BF4B-00C04F79EFBC}") = "Engine.Tests", "Engine.Tests\Engine.Tests.csproj", "{298FFC6C-6460-4225-B86A-DD1A058F0F5B}"
EndProject
Global
	GlobalSection(SolutionConfigurationPlatforms) = preSolution
		Debug|Any CPU = Debug|Any CPU
		Release|Any CPU = Release|Any CPU
	EndGlobalSection
	GlobalSection(SolutionProperties) = preSolution
		HideSolutionNode = FALSE
	EndGlobalSection
	GlobalSection(ProjectConfigurationPlatforms) = postSolution
		{268A4355-AAA9-40C2-8DC0-AF754BED0731}.Debug|Any CPU.ActiveCfg = Debug|Any CPU
		{268A4355-AAA9-40C2-8DC0-AF754BED0731}.Debug|Any CPU.Build.0 = Debug|Any CPU
		{268A4355-AAA9-40C2-8DC0-AF754BED0731}.Release|Any CPU.ActiveCfg = Release|Any CPU
		{268A4355-AAA9-40C2-8DC0-AF754BED0731}.Release|Any CPU.Build.0 = Release|Any CPU
		{298FFC6C-6460-4225-B86A-DD1A058F0F5B}.Debug|Any CPU.ActiveCfg = Debug|Any CPU
		{298FFC6C-6460-4225-B86A-DD1A058F0F5B}.Debug|Any CPU.Build.0 = Debug|Any CPU
		{298FFC6C-6460-4225-B86A-DD1A058F0F5B}.Release|Any CPU.ActiveCfg = Release|Any CPU
		{298FFC6C-6460-4225-B86A-DD1A058F0F5B}.Release|Any CPU.Build.0 = Release|Any CPU
	EndGlobalSection
EndGlobal
